
Microsoft Visual Studio Solution File, Format Version 12.00
# Visual Studio Version 17
VisualStudioVersion = 17.0.31903.59
MinimumVisualStudioVersion = 10.0.40219.1
Project("{2150E333-8FDC-42A3-9474-1A3956D46DE8}") = "BuildingBlocks", "BuildingBlocks", "{11B3BFAD-D596-47DC-B0CA-4357EF5E5AD8}"
EndProject
Project("{2150E333-8FDC-42A3-9474-1A3956D46DE8}") = "Modules", "Modules", "{1CDF311D-149C-43D9-BDA9-B8147397F51D}"
EndProject
Project("{2150E333-8FDC-42A3-9474-1A3956D46DE8}") = "GerenciamentoTarefas", "GerenciamentoTarefas", "{0C0D2943-6D89-43A7-9D08-0DE6862EADED}"
EndProject
Project("{2150E333-8FDC-42A3-9474-1A3956D46DE8}") = "Gerenciamento de Projetos", "Gerenciamento de Projetos", "{336A8B0A-01D1-4646-AE8E-177B215D07CF}"
EndProject
Project("{2150E333-8FDC-42A3-9474-1A3956D46DE8}") = "Autenticacao", "Autenticacao", "{3749C3A4-EED2-4BBA-AEED-8D88A5C964D3}"
EndProject
Project("{9A19103F-16F7-4668-BE54-9A1E7A4F7556}") = "Taskflow.Core", "src\buildingblocks\Taskflow.Core\Taskflow.Core.csproj", "{6806959E-7568-402B-8B9B-CB05BFA50EAA}"
EndProject
Project("{2150E333-8FDC-42A3-9474-1A3956D46DE8}") = "Tests", "Tests", "{406144CA-8F95-4119-AF77-BC8C501C4A83}"
EndProject
Project("{9A19103F-16F7-4668-BE54-9A1E7A4F7556}") = "TaskFlow.GerenciamentoTarefas.Domain", "src\modules\GerencimentoTarefas\TaskFlow.GerenciamentoTarefas.Domain\TaskFlow.GerenciamentoTarefas.Domain.csproj", "{1F8FE1E1-E3C3-427B-9133-3624268C3F67}"
EndProject
Project("{9A19103F-16F7-4668-BE54-9A1E7A4F7556}") = "TaskFlow.GerencimentoTarefas.API", "src\modules\GerencimentoTarefas\TaskFlow.GerencimentoTarefas.API\TaskFlow.GerencimentoTarefas.API.csproj", "{2715B53A-369D-4351-9DB6-9CF6DBBCE5AD}"
EndProject
Project("{9A19103F-16F7-4668-BE54-9A1E7A4F7556}") = "TaskFlow.GerencimentoTarefas.Infrastructure", "src\modules\GerencimentoTarefas\TaskFlow.GerencimentoTarefas.Infrastructure\TaskFlow.GerencimentoTarefas.Infrastructure.csproj", "{7B0CD0C2-728F-4AD9-9565-BA371FD43BD8}"
EndProject
Project("{9A19103F-16F7-4668-BE54-9A1E7A4F7556}") = "TaskFlow.GerenciamentoProjetos.UnitTests", "src\modules\GerenciamentoProjetos\Tests\TaskFlow.GerenciamentoProjetos.UnitTests\TaskFlow.GerenciamentoProjetos.UnitTests.csproj", "{35D984B7-BF1F-4CDC-9BD7-DD9AA6982729}"
EndProject
Project("{9A19103F-16F7-4668-BE54-9A1E7A4F7556}") = "TaskFlow.GerenciamentoProjetos.Domain", "src\modules\GerenciamentoProjetos\TaskFlow.GerenciamentoProjetos.Domain\TaskFlow.GerenciamentoProjetos.Domain.csproj", "{F53B0699-462F-45EB-B77A-9685CD0CB274}"
EndProject
Global
	GlobalSection(SolutionConfigurationPlatforms) = preSolution
		Debug|Any CPU = Debug|Any CPU
		Release|Any CPU = Release|Any CPU
	EndGlobalSection
	GlobalSection(ProjectConfigurationPlatforms) = postSolution
		{6806959E-7568-402B-8B9B-CB05BFA50EAA}.Debug|Any CPU.ActiveCfg = Debug|Any CPU
		{6806959E-7568-402B-8B9B-CB05BFA50EAA}.Debug|Any CPU.Build.0 = Debug|Any CPU
		{6806959E-7568-402B-8B9B-CB05BFA50EAA}.Release|Any CPU.ActiveCfg = Release|Any CPU
		{6806959E-7568-402B-8B9B-CB05BFA50EAA}.Release|Any CPU.Build.0 = Release|Any CPU
		{1F8FE1E1-E3C3-427B-9133-3624268C3F67}.Debug|Any CPU.ActiveCfg = Debug|Any CPU
		{1F8FE1E1-E3C3-427B-9133-3624268C3F67}.Debug|Any CPU.Build.0 = Debug|Any CPU
		{1F8FE1E1-E3C3-427B-9133-3624268C3F67}.Release|Any CPU.ActiveCfg = Release|Any CPU
		{1F8FE1E1-E3C3-427B-9133-3624268C3F67}.Release|Any CPU.Build.0 = Release|Any CPU
		{2715B53A-369D-4351-9DB6-9CF6DBBCE5AD}.Debug|Any CPU.ActiveCfg = Debug|Any CPU
		{2715B53A-369D-4351-9DB6-9CF6DBBCE5AD}.Debug|Any CPU.Build.0 = Debug|Any CPU
		{2715B53A-369D-4351-9DB6-9CF6DBBCE5AD}.Release|Any CPU.ActiveCfg = Release|Any CPU
		{2715B53A-369D-4351-9DB6-9CF6DBBCE5AD}.Release|Any CPU.Build.0 = Release|Any CPU
		{7B0CD0C2-728F-4AD9-9565-BA371FD43BD8}.Debug|Any CPU.ActiveCfg = Debug|Any CPU
		{7B0CD0C2-728F-4AD9-9565-BA371FD43BD8}.Debug|Any CPU.Build.0 = Debug|Any CPU
		{7B0CD0C2-728F-4AD9-9565-BA371FD43BD8}.Release|Any CPU.ActiveCfg = Release|Any CPU
		{7B0CD0C2-728F-4AD9-9565-BA371FD43BD8}.Release|Any CPU.Build.0 = Release|Any CPU
		{35D984B7-BF1F-4CDC-9BD7-DD9AA6982729}.Debug|Any CPU.ActiveCfg = Debug|Any CPU
		{35D984B7-BF1F-4CDC-9BD7-DD9AA6982729}.Debug|Any CPU.Build.0 = Debug|Any CPU
		{35D984B7-BF1F-4CDC-9BD7-DD9AA6982729}.Release|Any CPU.ActiveCfg = Release|Any CPU
		{35D984B7-BF1F-4CDC-9BD7-DD9AA6982729}.Release|Any CPU.Build.0 = Release|Any CPU
		{F53B0699-462F-45EB-B77A-9685CD0CB274}.Debug|Any CPU.ActiveCfg = Debug|Any CPU
		{F53B0699-462F-45EB-B77A-9685CD0CB274}.Debug|Any CPU.Build.0 = Debug|Any CPU
		{F53B0699-462F-45EB-B77A-9685CD0CB274}.Release|Any CPU.ActiveCfg = Release|Any CPU
		{F53B0699-462F-45EB-B77A-9685CD0CB274}.Release|Any CPU.Build.0 = Release|Any CPU
	EndGlobalSection
	GlobalSection(SolutionProperties) = preSolution
		HideSolutionNode = FALSE
	EndGlobalSection
	GlobalSection(NestedProjects) = preSolution
		{0C0D2943-6D89-43A7-9D08-0DE6862EADED} = {1CDF311D-149C-43D9-BDA9-B8147397F51D}
		{336A8B0A-01D1-4646-AE8E-177B215D07CF} = {1CDF311D-149C-43D9-BDA9-B8147397F51D}
		{3749C3A4-EED2-4BBA-AEED-8D88A5C964D3} = {1CDF311D-149C-43D9-BDA9-B8147397F51D}
		{6806959E-7568-402B-8B9B-CB05BFA50EAA} = {11B3BFAD-D596-47DC-B0CA-4357EF5E5AD8}
		{406144CA-8F95-4119-AF77-BC8C501C4A83} = {336A8B0A-01D1-4646-AE8E-177B215D07CF}
		{1F8FE1E1-E3C3-427B-9133-3624268C3F67} = {0C0D2943-6D89-43A7-9D08-0DE6862EADED}
		{2715B53A-369D-4351-9DB6-9CF6DBBCE5AD} = {0C0D2943-6D89-43A7-9D08-0DE6862EADED}
		{7B0CD0C2-728F-4AD9-9565-BA371FD43BD8} = {0C0D2943-6D89-43A7-9D08-0DE6862EADED}
		{35D984B7-BF1F-4CDC-9BD7-DD9AA6982729} = {406144CA-8F95-4119-AF77-BC8C501C4A83}
		{F53B0699-462F-45EB-B77A-9685CD0CB274} = {336A8B0A-01D1-4646-AE8E-177B215D07CF}
	EndGlobalSection
	GlobalSection(ExtensibilityGlobals) = postSolution
		SolutionGuid = {5FEEEE96-448F-4038-A16E-13AF5C287E40}
	EndGlobalSection
EndGlobal
